// !$*UTF8*$!
{
	archiveVersion = 1;
	classes = {
	};
	objectVersion = 50;
	objects = {

/* Begin PBXBuildFile section */
		244922F726596DB400070746 /* AppDelegate.swift in Sources */ = {isa = PBXBuildFile; fileRef = 244922F626596DB400070746 /* AppDelegate.swift */; };
		244922F926596DB400070746 /* SceneDelegate.swift in Sources */ = {isa = PBXBuildFile; fileRef = 244922F826596DB400070746 /* SceneDelegate.swift */; };
		244922FB26596DB400070746 /* ViewController.swift in Sources */ = {isa = PBXBuildFile; fileRef = 244922FA26596DB400070746 /* ViewController.swift */; };
		244922FE26596DB400070746 /* Main.storyboard in Resources */ = {isa = PBXBuildFile; fileRef = 244922FC26596DB400070746 /* Main.storyboard */; };
		2449230026596DB400070746 /* Assets.xcassets in Resources */ = {isa = PBXBuildFile; fileRef = 244922FF26596DB400070746 /* Assets.xcassets */; };
		2449230326596DB400070746 /* LaunchScreen.storyboard in Resources */ = {isa = PBXBuildFile; fileRef = 2449230126596DB400070746 /* LaunchScreen.storyboard */; };
		2449231326596E4900070746 /* Extensions.swift in Sources */ = {isa = PBXBuildFile; fileRef = 2449231226596E4900070746 /* Extensions.swift */; };
		2449231526596E4E00070746 /* Cells.swift in Sources */ = {isa = PBXBuildFile; fileRef = 2449231426596E4E00070746 /* Cells.swift */; };
		2449231726596E5500070746 /* APIServices.swift in Sources */ = {isa = PBXBuildFile; fileRef = 2449231626596E5500070746 /* APIServices.swift */; };
		2449231926596E5A00070746 /* APIModels.swift in Sources */ = {isa = PBXBuildFile; fileRef = 2449231826596E5A00070746 /* APIModels.swift */; };
		2449231F265981BF00070746 /* Colors.xcassets in Resources */ = {isa = PBXBuildFile; fileRef = 2449231E265981BF00070746 /* Colors.xcassets */; };
		24492321265985DF00070746 /* UIColor + Extension.swift in Sources */ = {isa = PBXBuildFile; fileRef = 24492320265985DF00070746 /* UIColor + Extension.swift */; };
		249AFA5226598E0300027D08 /* Home.storyboard in Resources */ = {isa = PBXBuildFile; fileRef = 249AFA5126598E0300027D08 /* Home.storyboard */; };
		249AFA5426598F6800027D08 /* HomeViewController.swift in Sources */ = {isa = PBXBuildFile; fileRef = 249AFA5326598F6800027D08 /* HomeViewController.swift */; };
		249AFA56265993AC00027D08 /* MainPage.storyboard in Resources */ = {isa = PBXBuildFile; fileRef = 249AFA55265993AC00027D08 /* MainPage.storyboard */; };
		249AFA58265993B900027D08 /* MainPageViewController.swift in Sources */ = {isa = PBXBuildFile; fileRef = 249AFA57265993B900027D08 /* MainPageViewController.swift */; };
		3658E1BF265975A9002B9CCF /* detailPage.storyboard in Resources */ = {isa = PBXBuildFile; fileRef = 3658E1BE265975A9002B9CCF /* detailPage.storyboard */; };
		3658E1C1265975BA002B9CCF /* detailPageViewController.swift in Sources */ = {isa = PBXBuildFile; fileRef = 3658E1C0265975BA002B9CCF /* detailPageViewController.swift */; };
		3658E20B26597823002B9CCF /* NotoSans-ExtraCondensedExtraBold.ttf in Resources */ = {isa = PBXBuildFile; fileRef = 3658E1C326597820002B9CCF /* NotoSans-ExtraCondensedExtraBold.ttf */; };
		3658E20C26597823002B9CCF /* NotoSans-CondensedBlackItalic.ttf in Resources */ = {isa = PBXBuildFile; fileRef = 3658E1C426597820002B9CCF /* NotoSans-CondensedBlackItalic.ttf */; };
		3658E20D26597823002B9CCF /* NotoSans-ExtraCondensedBold.ttf in Resources */ = {isa = PBXBuildFile; fileRef = 3658E1C526597820002B9CCF /* NotoSans-ExtraCondensedBold.ttf */; };
		3658E20E26597823002B9CCF /* NotoSans-SemiCondensedExtraBoldItalic.ttf in Resources */ = {isa = PBXBuildFile; fileRef = 3658E1C626597820002B9CCF /* NotoSans-SemiCondensedExtraBoldItalic.ttf */; };
		3658E20F26597823002B9CCF /* NotoSans-Thin.ttf in Resources */ = {isa = PBXBuildFile; fileRef = 3658E1C726597820002B9CCF /* NotoSans-Thin.ttf */; };
		3658E21026597823002B9CCF /* NotoSans-Italic.ttf in Resources */ = {isa = PBXBuildFile; fileRef = 3658E1C826597820002B9CCF /* NotoSans-Italic.ttf */; };
		3658E21126597823002B9CCF /* NotoSans-CondensedThinItalic.ttf in Resources */ = {isa = PBXBuildFile; fileRef = 3658E1C926597820002B9CCF /* NotoSans-CondensedThinItalic.ttf */; };
		3658E21226597823002B9CCF /* NotoSans-CondensedLight.ttf in Resources */ = {isa = PBXBuildFile; fileRef = 3658E1CA26597820002B9CCF /* NotoSans-CondensedLight.ttf */; };
		3658E21326597823002B9CCF /* NotoSans-CondensedExtraLightItalic.ttf in Resources */ = {isa = PBXBuildFile; fileRef = 3658E1CB26597820002B9CCF /* NotoSans-CondensedExtraLightItalic.ttf */; };
		3658E21426597823002B9CCF /* NotoSans-SemiCondensedSemiBold.ttf in Resources */ = {isa = PBXBuildFile; fileRef = 3658E1CC26597820002B9CCF /* NotoSans-SemiCondensedSemiBold.ttf */; };
		3658E21526597823002B9CCF /* NotoSans-CondensedMedium.ttf in Resources */ = {isa = PBXBuildFile; fileRef = 3658E1CD26597820002B9CCF /* NotoSans-CondensedMedium.ttf */; };
		3658E21626597823002B9CCF /* NotoSans-MediumItalic.ttf in Resources */ = {isa = PBXBuildFile; fileRef = 3658E1CE26597820002B9CCF /* NotoSans-MediumItalic.ttf */; };
		3658E21726597823002B9CCF /* NotoSans-BlackItalic.ttf in Resources */ = {isa = PBXBuildFile; fileRef = 3658E1CF26597820002B9CCF /* NotoSans-BlackItalic.ttf */; };
		3658E21826597823002B9CCF /* NotoSans-SemiCondensedThinItalic.ttf in Resources */ = {isa = PBXBuildFile; fileRef = 3658E1D026597821002B9CCF /* NotoSans-SemiCondensedThinItalic.ttf */; };
		3658E21926597823002B9CCF /* NotoSans-BoldItalic.ttf in Resources */ = {isa = PBXBuildFile; fileRef = 3658E1D126597821002B9CCF /* NotoSans-BoldItalic.ttf */; };
		3658E21A26597823002B9CCF /* NotoSans-CondensedSemiBold.ttf in Resources */ = {isa = PBXBuildFile; fileRef = 3658E1D226597821002B9CCF /* NotoSans-CondensedSemiBold.ttf */; };
		3658E21B26597823002B9CCF /* NotoSans-SemiCondensedBlackItalic.ttf in Resources */ = {isa = PBXBuildFile; fileRef = 3658E1D326597821002B9CCF /* NotoSans-SemiCondensedBlackItalic.ttf */; };
		3658E21C26597823002B9CCF /* NotoSans-ExtraCondensedBlack.ttf in Resources */ = {isa = PBXBuildFile; fileRef = 3658E1D426597821002B9CCF /* NotoSans-ExtraCondensedBlack.ttf */; };
		3658E21D26597823002B9CCF /* NotoSans-ExtraBold.ttf in Resources */ = {isa = PBXBuildFile; fileRef = 3658E1D526597821002B9CCF /* NotoSans-ExtraBold.ttf */; };
		3658E21E26597823002B9CCF /* NotoSans-ExtraCondensedThin.ttf in Resources */ = {isa = PBXBuildFile; fileRef = 3658E1D626597821002B9CCF /* NotoSans-ExtraCondensedThin.ttf */; };
		3658E21F26597823002B9CCF /* NotoSans-CondensedExtraLight.ttf in Resources */ = {isa = PBXBuildFile; fileRef = 3658E1D726597821002B9CCF /* NotoSans-CondensedExtraLight.ttf */; };
		3658E22026597823002B9CCF /* NotoSans-ExtraCondensedExtraBoldItalic.ttf in Resources */ = {isa = PBXBuildFile; fileRef = 3658E1D826597821002B9CCF /* NotoSans-ExtraCondensedExtraBoldItalic.ttf */; };
		3658E22126597823002B9CCF /* NotoSans-SemiCondensedMedium.ttf in Resources */ = {isa = PBXBuildFile; fileRef = 3658E1D926597821002B9CCF /* NotoSans-SemiCondensedMedium.ttf */; };
		3658E22226597823002B9CCF /* NotoSans-CondensedBlack.ttf in Resources */ = {isa = PBXBuildFile; fileRef = 3658E1DA26597821002B9CCF /* NotoSans-CondensedBlack.ttf */; };
		3658E22326597823002B9CCF /* NotoSans-CondensedBoldItalic.ttf in Resources */ = {isa = PBXBuildFile; fileRef = 3658E1DB26597821002B9CCF /* NotoSans-CondensedBoldItalic.ttf */; };
		3658E22426597823002B9CCF /* NotoSans-Light.ttf in Resources */ = {isa = PBXBuildFile; fileRef = 3658E1DC26597821002B9CCF /* NotoSans-Light.ttf */; };
		3658E22526597823002B9CCF /* NotoSans-LightItalic.ttf in Resources */ = {isa = PBXBuildFile; fileRef = 3658E1DD26597821002B9CCF /* NotoSans-LightItalic.ttf */; };
		3658E22626597823002B9CCF /* NotoSans-ExtraBoldItalic.ttf in Resources */ = {isa = PBXBuildFile; fileRef = 3658E1DE26597821002B9CCF /* NotoSans-ExtraBoldItalic.ttf */; };
		3658E22726597823002B9CCF /* NotoSans-ExtraCondensedMediumItalic.ttf in Resources */ = {isa = PBXBuildFile; fileRef = 3658E1DF26597821002B9CCF /* NotoSans-ExtraCondensedMediumItalic.ttf */; };
		3658E22826597823002B9CCF /* NotoSans-ExtraCondensedMedium.ttf in Resources */ = {isa = PBXBuildFile; fileRef = 3658E1E026597821002B9CCF /* NotoSans-ExtraCondensedMedium.ttf */; };
		3658E22926597823002B9CCF /* NotoSans-ExtraCondensedExtraLightItalic.ttf in Resources */ = {isa = PBXBuildFile; fileRef = 3658E1E126597821002B9CCF /* NotoSans-ExtraCondensedExtraLightItalic.ttf */; };
		3658E22A26597823002B9CCF /* NotoSans-CondensedMediumItalic.ttf in Resources */ = {isa = PBXBuildFile; fileRef = 3658E1E226597821002B9CCF /* NotoSans-CondensedMediumItalic.ttf */; };
		3658E22B26597823002B9CCF /* NotoSans-SemiCondensedLight.ttf in Resources */ = {isa = PBXBuildFile; fileRef = 3658E1E326597821002B9CCF /* NotoSans-SemiCondensedLight.ttf */; };
		3658E22C26597823002B9CCF /* NotoSans-Regular.ttf in Resources */ = {isa = PBXBuildFile; fileRef = 3658E1E426597821002B9CCF /* NotoSans-Regular.ttf */; };
		3658E22D26597823002B9CCF /* NotoSans-CondensedExtraBold.ttf in Resources */ = {isa = PBXBuildFile; fileRef = 3658E1E526597821002B9CCF /* NotoSans-CondensedExtraBold.ttf */; };
		3658E22E26597823002B9CCF /* NotoSans-SemiBoldItalic.ttf in Resources */ = {isa = PBXBuildFile; fileRef = 3658E1E626597821002B9CCF /* NotoSans-SemiBoldItalic.ttf */; };
		3658E22F26597823002B9CCF /* NotoSans-Medium.ttf in Resources */ = {isa = PBXBuildFile; fileRef = 3658E1E726597821002B9CCF /* NotoSans-Medium.ttf */; };
		3658E23026597823002B9CCF /* NotoSans-SemiCondensedLightItalic.ttf in Resources */ = {isa = PBXBuildFile; fileRef = 3658E1E826597821002B9CCF /* NotoSans-SemiCondensedLightItalic.ttf */; };
		3658E23126597823002B9CCF /* NotoSans-SemiCondensedItalic.ttf in Resources */ = {isa = PBXBuildFile; fileRef = 3658E1E926597821002B9CCF /* NotoSans-SemiCondensedItalic.ttf */; };
		3658E23226597823002B9CCF /* NotoSans-ExtraCondensedItalic.ttf in Resources */ = {isa = PBXBuildFile; fileRef = 3658E1EA26597821002B9CCF /* NotoSans-ExtraCondensedItalic.ttf */; };
		3658E23326597823002B9CCF /* NotoSans-CondensedItalic.ttf in Resources */ = {isa = PBXBuildFile; fileRef = 3658E1EB26597822002B9CCF /* NotoSans-CondensedItalic.ttf */; };
		3658E23426597823002B9CCF /* NotoSans-ExtraCondensedExtraLight.ttf in Resources */ = {isa = PBXBuildFile; fileRef = 3658E1EC26597822002B9CCF /* NotoSans-ExtraCondensedExtraLight.ttf */; };
		3658E23526597823002B9CCF /* NotoSans-SemiBold.ttf in Resources */ = {isa = PBXBuildFile; fileRef = 3658E1ED26597822002B9CCF /* NotoSans-SemiBold.ttf */; };
		3658E23626597823002B9CCF /* NotoSans-SemiCondensedBoldItalic.ttf in Resources */ = {isa = PBXBuildFile; fileRef = 3658E1EE26597822002B9CCF /* NotoSans-SemiCondensedBoldItalic.ttf */; };
		3658E23726597823002B9CCF /* NotoSans-ExtraCondensedSemiBold.ttf in Resources */ = {isa = PBXBuildFile; fileRef = 3658E1EF26597822002B9CCF /* NotoSans-ExtraCondensedSemiBold.ttf */; };
		3658E23826597823002B9CCF /* NotoSans-ExtraLight.ttf in Resources */ = {isa = PBXBuildFile; fileRef = 3658E1F026597822002B9CCF /* NotoSans-ExtraLight.ttf */; };
		3658E23926597823002B9CCF /* NotoSans-SemiCondensedSemiBoldItalic.ttf in Resources */ = {isa = PBXBuildFile; fileRef = 3658E1F126597822002B9CCF /* NotoSans-SemiCondensedSemiBoldItalic.ttf */; };
		3658E23A26597823002B9CCF /* NotoSans-SemiCondensedExtraBold.ttf in Resources */ = {isa = PBXBuildFile; fileRef = 3658E1F226597822002B9CCF /* NotoSans-SemiCondensedExtraBold.ttf */; };
		3658E23B26597823002B9CCF /* NotoSans-SemiCondensedMediumItalic.ttf in Resources */ = {isa = PBXBuildFile; fileRef = 3658E1F326597822002B9CCF /* NotoSans-SemiCondensedMediumItalic.ttf */; };
		3658E23C26597823002B9CCF /* NotoSans-SemiCondensedBlack.ttf in Resources */ = {isa = PBXBuildFile; fileRef = 3658E1F426597822002B9CCF /* NotoSans-SemiCondensedBlack.ttf */; };
		3658E23D26597823002B9CCF /* NotoSans-Bold.ttf in Resources */ = {isa = PBXBuildFile; fileRef = 3658E1F526597822002B9CCF /* NotoSans-Bold.ttf */; };
		3658E23E26597823002B9CCF /* NotoSans-CondensedThin.ttf in Resources */ = {isa = PBXBuildFile; fileRef = 3658E1F626597822002B9CCF /* NotoSans-CondensedThin.ttf */; };
		3658E23F26597823002B9CCF /* NotoSans-CondensedExtraBoldItalic.ttf in Resources */ = {isa = PBXBuildFile; fileRef = 3658E1F726597822002B9CCF /* NotoSans-CondensedExtraBoldItalic.ttf */; };
		3658E24026597823002B9CCF /* NotoSans-SemiCondensedThin.ttf in Resources */ = {isa = PBXBuildFile; fileRef = 3658E1F826597822002B9CCF /* NotoSans-SemiCondensedThin.ttf */; };
		3658E24126597823002B9CCF /* NotoSans-CondensedBold.ttf in Resources */ = {isa = PBXBuildFile; fileRef = 3658E1F926597822002B9CCF /* NotoSans-CondensedBold.ttf */; };
		3658E24226597823002B9CCF /* NotoSans-SemiCondensedExtraLight.ttf in Resources */ = {isa = PBXBuildFile; fileRef = 3658E1FA26597822002B9CCF /* NotoSans-SemiCondensedExtraLight.ttf */; };
		3658E24326597823002B9CCF /* NotoSans-ExtraCondensedBoldItalic.ttf in Resources */ = {isa = PBXBuildFile; fileRef = 3658E1FB26597822002B9CCF /* NotoSans-ExtraCondensedBoldItalic.ttf */; };
		3658E24426597823002B9CCF /* NotoSans-Black.ttf in Resources */ = {isa = PBXBuildFile; fileRef = 3658E1FC26597822002B9CCF /* NotoSans-Black.ttf */; };
		3658E24526597823002B9CCF /* NotoSans-Condensed.ttf in Resources */ = {isa = PBXBuildFile; fileRef = 3658E1FD26597822002B9CCF /* NotoSans-Condensed.ttf */; };
		3658E24626597823002B9CCF /* NotoSans-SemiCondensedExtraLightItalic.ttf in Resources */ = {isa = PBXBuildFile; fileRef = 3658E1FE26597822002B9CCF /* NotoSans-SemiCondensedExtraLightItalic.ttf */; };
		3658E24726597823002B9CCF /* NotoSans-ExtraCondensedLight.ttf in Resources */ = {isa = PBXBuildFile; fileRef = 3658E1FF26597822002B9CCF /* NotoSans-ExtraCondensedLight.ttf */; };
		3658E24826597823002B9CCF /* NotoSans-ExtraLightItalic.ttf in Resources */ = {isa = PBXBuildFile; fileRef = 3658E20026597822002B9CCF /* NotoSans-ExtraLightItalic.ttf */; };
		3658E24926597823002B9CCF /* NotoSans-ExtraCondensedLightItalic.ttf in Resources */ = {isa = PBXBuildFile; fileRef = 3658E20126597822002B9CCF /* NotoSans-ExtraCondensedLightItalic.ttf */; };
		3658E24A26597823002B9CCF /* NotoSans-SemiCondensedBold.ttf in Resources */ = {isa = PBXBuildFile; fileRef = 3658E20226597822002B9CCF /* NotoSans-SemiCondensedBold.ttf */; };
		3658E24B26597823002B9CCF /* NotoSans-ExtraCondensedBlackItalic.ttf in Resources */ = {isa = PBXBuildFile; fileRef = 3658E20326597822002B9CCF /* NotoSans-ExtraCondensedBlackItalic.ttf */; };
		3658E24C26597823002B9CCF /* NotoSans-CondensedLightItalic.ttf in Resources */ = {isa = PBXBuildFile; fileRef = 3658E20426597822002B9CCF /* NotoSans-CondensedLightItalic.ttf */; };
		3658E24D26597823002B9CCF /* NotoSans-SemiCondensed.ttf in Resources */ = {isa = PBXBuildFile; fileRef = 3658E20526597822002B9CCF /* NotoSans-SemiCondensed.ttf */; };
		3658E24E26597823002B9CCF /* NotoSans-ExtraCondensedThinItalic.ttf in Resources */ = {isa = PBXBuildFile; fileRef = 3658E20626597823002B9CCF /* NotoSans-ExtraCondensedThinItalic.ttf */; };
		3658E24F26597823002B9CCF /* NotoSans-ThinItalic.ttf in Resources */ = {isa = PBXBuildFile; fileRef = 3658E20726597823002B9CCF /* NotoSans-ThinItalic.ttf */; };
		3658E25026597823002B9CCF /* NotoSans-ExtraCondensed.ttf in Resources */ = {isa = PBXBuildFile; fileRef = 3658E20826597823002B9CCF /* NotoSans-ExtraCondensed.ttf */; };
		3658E25126597823002B9CCF /* NotoSans-CondensedSemiBoldItalic.ttf in Resources */ = {isa = PBXBuildFile; fileRef = 3658E20926597823002B9CCF /* NotoSans-CondensedSemiBoldItalic.ttf */; };
		3658E25226597823002B9CCF /* NotoSans-ExtraCondensedSemiBoldItalic.ttf in Resources */ = {isa = PBXBuildFile; fileRef = 3658E20A26597823002B9CCF /* NotoSans-ExtraCondensedSemiBoldItalic.ttf */; };
		3687005C265984CB003E3A35 /* tableViewDummy.swift in Sources */ = {isa = PBXBuildFile; fileRef = 3687005B265984CB003E3A35 /* tableViewDummy.swift */; };
		368F60DA2659973900CA6D24 /* DetailPageSubjectViewController.swift in Sources */ = {isa = PBXBuildFile; fileRef = 368F60D92659973900CA6D24 /* DetailPageSubjectViewController.swift */; };
		36C190B42659947C000B5392 /* DetailPageSubject.storyboard in Resources */ = {isa = PBXBuildFile; fileRef = 36C190B32659947C000B5392 /* DetailPageSubject.storyboard */; };
		36C190BC2659959E000B5392 /* NotoSerifKR-Regular.otf in Resources */ = {isa = PBXBuildFile; fileRef = 36C190B52659959D000B5392 /* NotoSerifKR-Regular.otf */; };
		36C190BD2659959E000B5392 /* NotoSerifKR-SemiBold.otf in Resources */ = {isa = PBXBuildFile; fileRef = 36C190B62659959D000B5392 /* NotoSerifKR-SemiBold.otf */; };
		36C190BE2659959E000B5392 /* NotoSerifKR-ExtraLight.otf in Resources */ = {isa = PBXBuildFile; fileRef = 36C190B72659959D000B5392 /* NotoSerifKR-ExtraLight.otf */; };
		36C190BF2659959E000B5392 /* NotoSerifKR-Bold.otf in Resources */ = {isa = PBXBuildFile; fileRef = 36C190B82659959D000B5392 /* NotoSerifKR-Bold.otf */; };
		36C190C02659959E000B5392 /* NotoSerifKR-Black.otf in Resources */ = {isa = PBXBuildFile; fileRef = 36C190B92659959E000B5392 /* NotoSerifKR-Black.otf */; };
		36C190C12659959E000B5392 /* NotoSerifKR-Medium.otf in Resources */ = {isa = PBXBuildFile; fileRef = 36C190BA2659959E000B5392 /* NotoSerifKR-Medium.otf */; };
		36C190C22659959E000B5392 /* NotoSerifKR-Light.otf in Resources */ = {isa = PBXBuildFile; fileRef = 36C190BB2659959E000B5392 /* NotoSerifKR-Light.otf */; };
		36DDC0F526597ADA00C58A1D /* DetailTableViewCell.swift in Sources */ = {isa = PBXBuildFile; fileRef = 36DDC0F426597ADA00C58A1D /* DetailTableViewCell.swift */; };
/* End PBXBuildFile section */

/* Begin PBXFileReference section */
		244922F326596DB400070746 /* GGumPiece.app */ = {isa = PBXFileReference; explicitFileType = wrapper.application; includeInIndex = 0; path = GGumPiece.app; sourceTree = BUILT_PRODUCTS_DIR; };
		244922F626596DB400070746 /* AppDelegate.swift */ = {isa = PBXFileReference; lastKnownFileType = sourcecode.swift; path = AppDelegate.swift; sourceTree = "<group>"; };
		244922F826596DB400070746 /* SceneDelegate.swift */ = {isa = PBXFileReference; lastKnownFileType = sourcecode.swift; path = SceneDelegate.swift; sourceTree = "<group>"; };
		244922FA26596DB400070746 /* ViewController.swift */ = {isa = PBXFileReference; lastKnownFileType = sourcecode.swift; path = ViewController.swift; sourceTree = "<group>"; };
		244922FD26596DB400070746 /* Base */ = {isa = PBXFileReference; lastKnownFileType = file.storyboard; name = Base; path = Base.lproj/Main.storyboard; sourceTree = "<group>"; };
		244922FF26596DB400070746 /* Assets.xcassets */ = {isa = PBXFileReference; lastKnownFileType = folder.assetcatalog; path = Assets.xcassets; sourceTree = "<group>"; };
		2449230226596DB400070746 /* Base */ = {isa = PBXFileReference; lastKnownFileType = file.storyboard; name = Base; path = Base.lproj/LaunchScreen.storyboard; sourceTree = "<group>"; };
		2449230426596DB400070746 /* Info.plist */ = {isa = PBXFileReference; lastKnownFileType = text.plist.xml; path = Info.plist; sourceTree = "<group>"; };
		2449231226596E4900070746 /* Extensions.swift */ = {isa = PBXFileReference; lastKnownFileType = sourcecode.swift; path = Extensions.swift; sourceTree = "<group>"; };
		2449231426596E4E00070746 /* Cells.swift */ = {isa = PBXFileReference; lastKnownFileType = sourcecode.swift; path = Cells.swift; sourceTree = "<group>"; };
		2449231626596E5500070746 /* APIServices.swift */ = {isa = PBXFileReference; lastKnownFileType = sourcecode.swift; path = APIServices.swift; sourceTree = "<group>"; };
		2449231826596E5A00070746 /* APIModels.swift */ = {isa = PBXFileReference; lastKnownFileType = sourcecode.swift; path = APIModels.swift; sourceTree = "<group>"; };
		2449231E265981BF00070746 /* Colors.xcassets */ = {isa = PBXFileReference; lastKnownFileType = folder.assetcatalog; path = Colors.xcassets; sourceTree = "<group>"; };
		24492320265985DF00070746 /* UIColor + Extension.swift */ = {isa = PBXFileReference; lastKnownFileType = sourcecode.swift; path = "UIColor + Extension.swift"; sourceTree = "<group>"; };
		249AFA5126598E0300027D08 /* Home.storyboard */ = {isa = PBXFileReference; lastKnownFileType = file.storyboard; path = Home.storyboard; sourceTree = "<group>"; };
		249AFA5326598F6800027D08 /* HomeViewController.swift */ = {isa = PBXFileReference; lastKnownFileType = sourcecode.swift; path = HomeViewController.swift; sourceTree = "<group>"; };
		249AFA55265993AC00027D08 /* MainPage.storyboard */ = {isa = PBXFileReference; lastKnownFileType = file.storyboard; path = MainPage.storyboard; sourceTree = "<group>"; };
		249AFA57265993B900027D08 /* MainPageViewController.swift */ = {isa = PBXFileReference; lastKnownFileType = sourcecode.swift; path = MainPageViewController.swift; sourceTree = "<group>"; };
		3658E1BE265975A9002B9CCF /* detailPage.storyboard */ = {isa = PBXFileReference; lastKnownFileType = file.storyboard; path = detailPage.storyboard; sourceTree = "<group>"; };
		3658E1C0265975BA002B9CCF /* detailPageViewController.swift */ = {isa = PBXFileReference; lastKnownFileType = sourcecode.swift; path = detailPageViewController.swift; sourceTree = "<group>"; };
		3658E1C326597820002B9CCF /* NotoSans-ExtraCondensedExtraBold.ttf */ = {isa = PBXFileReference; lastKnownFileType = file; path = "NotoSans-ExtraCondensedExtraBold.ttf"; sourceTree = "<group>"; };
		3658E1C426597820002B9CCF /* NotoSans-CondensedBlackItalic.ttf */ = {isa = PBXFileReference; lastKnownFileType = file; path = "NotoSans-CondensedBlackItalic.ttf"; sourceTree = "<group>"; };
		3658E1C526597820002B9CCF /* NotoSans-ExtraCondensedBold.ttf */ = {isa = PBXFileReference; lastKnownFileType = file; path = "NotoSans-ExtraCondensedBold.ttf"; sourceTree = "<group>"; };
		3658E1C626597820002B9CCF /* NotoSans-SemiCondensedExtraBoldItalic.ttf */ = {isa = PBXFileReference; lastKnownFileType = file; path = "NotoSans-SemiCondensedExtraBoldItalic.ttf"; sourceTree = "<group>"; };
		3658E1C726597820002B9CCF /* NotoSans-Thin.ttf */ = {isa = PBXFileReference; lastKnownFileType = file; path = "NotoSans-Thin.ttf"; sourceTree = "<group>"; };
		3658E1C826597820002B9CCF /* NotoSans-Italic.ttf */ = {isa = PBXFileReference; lastKnownFileType = file; path = "NotoSans-Italic.ttf"; sourceTree = "<group>"; };
		3658E1C926597820002B9CCF /* NotoSans-CondensedThinItalic.ttf */ = {isa = PBXFileReference; lastKnownFileType = file; path = "NotoSans-CondensedThinItalic.ttf"; sourceTree = "<group>"; };
		3658E1CA26597820002B9CCF /* NotoSans-CondensedLight.ttf */ = {isa = PBXFileReference; lastKnownFileType = file; path = "NotoSans-CondensedLight.ttf"; sourceTree = "<group>"; };
		3658E1CB26597820002B9CCF /* NotoSans-CondensedExtraLightItalic.ttf */ = {isa = PBXFileReference; lastKnownFileType = file; path = "NotoSans-CondensedExtraLightItalic.ttf"; sourceTree = "<group>"; };
		3658E1CC26597820002B9CCF /* NotoSans-SemiCondensedSemiBold.ttf */ = {isa = PBXFileReference; lastKnownFileType = file; path = "NotoSans-SemiCondensedSemiBold.ttf"; sourceTree = "<group>"; };
		3658E1CD26597820002B9CCF /* NotoSans-CondensedMedium.ttf */ = {isa = PBXFileReference; lastKnownFileType = file; path = "NotoSans-CondensedMedium.ttf"; sourceTree = "<group>"; };
		3658E1CE26597820002B9CCF /* NotoSans-MediumItalic.ttf */ = {isa = PBXFileReference; lastKnownFileType = file; path = "NotoSans-MediumItalic.ttf"; sourceTree = "<group>"; };
		3658E1CF26597820002B9CCF /* NotoSans-BlackItalic.ttf */ = {isa = PBXFileReference; lastKnownFileType = file; path = "NotoSans-BlackItalic.ttf"; sourceTree = "<group>"; };
		3658E1D026597821002B9CCF /* NotoSans-SemiCondensedThinItalic.ttf */ = {isa = PBXFileReference; lastKnownFileType = file; path = "NotoSans-SemiCondensedThinItalic.ttf"; sourceTree = "<group>"; };
		3658E1D126597821002B9CCF /* NotoSans-BoldItalic.ttf */ = {isa = PBXFileReference; lastKnownFileType = file; path = "NotoSans-BoldItalic.ttf"; sourceTree = "<group>"; };
		3658E1D226597821002B9CCF /* NotoSans-CondensedSemiBold.ttf */ = {isa = PBXFileReference; lastKnownFileType = file; path = "NotoSans-CondensedSemiBold.ttf"; sourceTree = "<group>"; };
		3658E1D326597821002B9CCF /* NotoSans-SemiCondensedBlackItalic.ttf */ = {isa = PBXFileReference; lastKnownFileType = file; path = "NotoSans-SemiCondensedBlackItalic.ttf"; sourceTree = "<group>"; };
		3658E1D426597821002B9CCF /* NotoSans-ExtraCondensedBlack.ttf */ = {isa = PBXFileReference; lastKnownFileType = file; path = "NotoSans-ExtraCondensedBlack.ttf"; sourceTree = "<group>"; };
		3658E1D526597821002B9CCF /* NotoSans-ExtraBold.ttf */ = {isa = PBXFileReference; lastKnownFileType = file; path = "NotoSans-ExtraBold.ttf"; sourceTree = "<group>"; };
		3658E1D626597821002B9CCF /* NotoSans-ExtraCondensedThin.ttf */ = {isa = PBXFileReference; lastKnownFileType = file; path = "NotoSans-ExtraCondensedThin.ttf"; sourceTree = "<group>"; };
		3658E1D726597821002B9CCF /* NotoSans-CondensedExtraLight.ttf */ = {isa = PBXFileReference; lastKnownFileType = file; path = "NotoSans-CondensedExtraLight.ttf"; sourceTree = "<group>"; };
		3658E1D826597821002B9CCF /* NotoSans-ExtraCondensedExtraBoldItalic.ttf */ = {isa = PBXFileReference; lastKnownFileType = file; path = "NotoSans-ExtraCondensedExtraBoldItalic.ttf"; sourceTree = "<group>"; };
		3658E1D926597821002B9CCF /* NotoSans-SemiCondensedMedium.ttf */ = {isa = PBXFileReference; lastKnownFileType = file; path = "NotoSans-SemiCondensedMedium.ttf"; sourceTree = "<group>"; };
		3658E1DA26597821002B9CCF /* NotoSans-CondensedBlack.ttf */ = {isa = PBXFileReference; lastKnownFileType = file; path = "NotoSans-CondensedBlack.ttf"; sourceTree = "<group>"; };
		3658E1DB26597821002B9CCF /* NotoSans-CondensedBoldItalic.ttf */ = {isa = PBXFileReference; lastKnownFileType = file; path = "NotoSans-CondensedBoldItalic.ttf"; sourceTree = "<group>"; };
		3658E1DC26597821002B9CCF /* NotoSans-Light.ttf */ = {isa = PBXFileReference; lastKnownFileType = file; path = "NotoSans-Light.ttf"; sourceTree = "<group>"; };
		3658E1DD26597821002B9CCF /* NotoSans-LightItalic.ttf */ = {isa = PBXFileReference; lastKnownFileType = file; path = "NotoSans-LightItalic.ttf"; sourceTree = "<group>"; };
		3658E1DE26597821002B9CCF /* NotoSans-ExtraBoldItalic.ttf */ = {isa = PBXFileReference; lastKnownFileType = file; path = "NotoSans-ExtraBoldItalic.ttf"; sourceTree = "<group>"; };
		3658E1DF26597821002B9CCF /* NotoSans-ExtraCondensedMediumItalic.ttf */ = {isa = PBXFileReference; lastKnownFileType = file; path = "NotoSans-ExtraCondensedMediumItalic.ttf"; sourceTree = "<group>"; };
		3658E1E026597821002B9CCF /* NotoSans-ExtraCondensedMedium.ttf */ = {isa = PBXFileReference; lastKnownFileType = file; path = "NotoSans-ExtraCondensedMedium.ttf"; sourceTree = "<group>"; };
		3658E1E126597821002B9CCF /* NotoSans-ExtraCondensedExtraLightItalic.ttf */ = {isa = PBXFileReference; lastKnownFileType = file; path = "NotoSans-ExtraCondensedExtraLightItalic.ttf"; sourceTree = "<group>"; };
		3658E1E226597821002B9CCF /* NotoSans-CondensedMediumItalic.ttf */ = {isa = PBXFileReference; lastKnownFileType = file; path = "NotoSans-CondensedMediumItalic.ttf"; sourceTree = "<group>"; };
		3658E1E326597821002B9CCF /* NotoSans-SemiCondensedLight.ttf */ = {isa = PBXFileReference; lastKnownFileType = file; path = "NotoSans-SemiCondensedLight.ttf"; sourceTree = "<group>"; };
		3658E1E426597821002B9CCF /* NotoSans-Regular.ttf */ = {isa = PBXFileReference; lastKnownFileType = file; path = "NotoSans-Regular.ttf"; sourceTree = "<group>"; };
		3658E1E526597821002B9CCF /* NotoSans-CondensedExtraBold.ttf */ = {isa = PBXFileReference; lastKnownFileType = file; path = "NotoSans-CondensedExtraBold.ttf"; sourceTree = "<group>"; };
		3658E1E626597821002B9CCF /* NotoSans-SemiBoldItalic.ttf */ = {isa = PBXFileReference; lastKnownFileType = file; path = "NotoSans-SemiBoldItalic.ttf"; sourceTree = "<group>"; };
		3658E1E726597821002B9CCF /* NotoSans-Medium.ttf */ = {isa = PBXFileReference; lastKnownFileType = file; path = "NotoSans-Medium.ttf"; sourceTree = "<group>"; };
		3658E1E826597821002B9CCF /* NotoSans-SemiCondensedLightItalic.ttf */ = {isa = PBXFileReference; lastKnownFileType = file; path = "NotoSans-SemiCondensedLightItalic.ttf"; sourceTree = "<group>"; };
		3658E1E926597821002B9CCF /* NotoSans-SemiCondensedItalic.ttf */ = {isa = PBXFileReference; lastKnownFileType = file; path = "NotoSans-SemiCondensedItalic.ttf"; sourceTree = "<group>"; };
		3658E1EA26597821002B9CCF /* NotoSans-ExtraCondensedItalic.ttf */ = {isa = PBXFileReference; lastKnownFileType = file; path = "NotoSans-ExtraCondensedItalic.ttf"; sourceTree = "<group>"; };
		3658E1EB26597822002B9CCF /* NotoSans-CondensedItalic.ttf */ = {isa = PBXFileReference; lastKnownFileType = file; path = "NotoSans-CondensedItalic.ttf"; sourceTree = "<group>"; };
		3658E1EC26597822002B9CCF /* NotoSans-ExtraCondensedExtraLight.ttf */ = {isa = PBXFileReference; lastKnownFileType = file; path = "NotoSans-ExtraCondensedExtraLight.ttf"; sourceTree = "<group>"; };
		3658E1ED26597822002B9CCF /* NotoSans-SemiBold.ttf */ = {isa = PBXFileReference; lastKnownFileType = file; path = "NotoSans-SemiBold.ttf"; sourceTree = "<group>"; };
		3658E1EE26597822002B9CCF /* NotoSans-SemiCondensedBoldItalic.ttf */ = {isa = PBXFileReference; lastKnownFileType = file; path = "NotoSans-SemiCondensedBoldItalic.ttf"; sourceTree = "<group>"; };
		3658E1EF26597822002B9CCF /* NotoSans-ExtraCondensedSemiBold.ttf */ = {isa = PBXFileReference; lastKnownFileType = file; path = "NotoSans-ExtraCondensedSemiBold.ttf"; sourceTree = "<group>"; };
		3658E1F026597822002B9CCF /* NotoSans-ExtraLight.ttf */ = {isa = PBXFileReference; lastKnownFileType = file; path = "NotoSans-ExtraLight.ttf"; sourceTree = "<group>"; };
		3658E1F126597822002B9CCF /* NotoSans-SemiCondensedSemiBoldItalic.ttf */ = {isa = PBXFileReference; lastKnownFileType = file; path = "NotoSans-SemiCondensedSemiBoldItalic.ttf"; sourceTree = "<group>"; };
		3658E1F226597822002B9CCF /* NotoSans-SemiCondensedExtraBold.ttf */ = {isa = PBXFileReference; lastKnownFileType = file; path = "NotoSans-SemiCondensedExtraBold.ttf"; sourceTree = "<group>"; };
		3658E1F326597822002B9CCF /* NotoSans-SemiCondensedMediumItalic.ttf */ = {isa = PBXFileReference; lastKnownFileType = file; path = "NotoSans-SemiCondensedMediumItalic.ttf"; sourceTree = "<group>"; };
		3658E1F426597822002B9CCF /* NotoSans-SemiCondensedBlack.ttf */ = {isa = PBXFileReference; lastKnownFileType = file; path = "NotoSans-SemiCondensedBlack.ttf"; sourceTree = "<group>"; };
		3658E1F526597822002B9CCF /* NotoSans-Bold.ttf */ = {isa = PBXFileReference; lastKnownFileType = file; path = "NotoSans-Bold.ttf"; sourceTree = "<group>"; };
		3658E1F626597822002B9CCF /* NotoSans-CondensedThin.ttf */ = {isa = PBXFileReference; lastKnownFileType = file; path = "NotoSans-CondensedThin.ttf"; sourceTree = "<group>"; };
		3658E1F726597822002B9CCF /* NotoSans-CondensedExtraBoldItalic.ttf */ = {isa = PBXFileReference; lastKnownFileType = file; path = "NotoSans-CondensedExtraBoldItalic.ttf"; sourceTree = "<group>"; };
		3658E1F826597822002B9CCF /* NotoSans-SemiCondensedThin.ttf */ = {isa = PBXFileReference; lastKnownFileType = file; path = "NotoSans-SemiCondensedThin.ttf"; sourceTree = "<group>"; };
		3658E1F926597822002B9CCF /* NotoSans-CondensedBold.ttf */ = {isa = PBXFileReference; lastKnownFileType = file; path = "NotoSans-CondensedBold.ttf"; sourceTree = "<group>"; };
		3658E1FA26597822002B9CCF /* NotoSans-SemiCondensedExtraLight.ttf */ = {isa = PBXFileReference; lastKnownFileType = file; path = "NotoSans-SemiCondensedExtraLight.ttf"; sourceTree = "<group>"; };
		3658E1FB26597822002B9CCF /* NotoSans-ExtraCondensedBoldItalic.ttf */ = {isa = PBXFileReference; lastKnownFileType = file; path = "NotoSans-ExtraCondensedBoldItalic.ttf"; sourceTree = "<group>"; };
		3658E1FC26597822002B9CCF /* NotoSans-Black.ttf */ = {isa = PBXFileReference; lastKnownFileType = file; path = "NotoSans-Black.ttf"; sourceTree = "<group>"; };
		3658E1FD26597822002B9CCF /* NotoSans-Condensed.ttf */ = {isa = PBXFileReference; lastKnownFileType = file; path = "NotoSans-Condensed.ttf"; sourceTree = "<group>"; };
		3658E1FE26597822002B9CCF /* NotoSans-SemiCondensedExtraLightItalic.ttf */ = {isa = PBXFileReference; lastKnownFileType = file; path = "NotoSans-SemiCondensedExtraLightItalic.ttf"; sourceTree = "<group>"; };
		3658E1FF26597822002B9CCF /* NotoSans-ExtraCondensedLight.ttf */ = {isa = PBXFileReference; lastKnownFileType = file; path = "NotoSans-ExtraCondensedLight.ttf"; sourceTree = "<group>"; };
		3658E20026597822002B9CCF /* NotoSans-ExtraLightItalic.ttf */ = {isa = PBXFileReference; lastKnownFileType = file; path = "NotoSans-ExtraLightItalic.ttf"; sourceTree = "<group>"; };
		3658E20126597822002B9CCF /* NotoSans-ExtraCondensedLightItalic.ttf */ = {isa = PBXFileReference; lastKnownFileType = file; path = "NotoSans-ExtraCondensedLightItalic.ttf"; sourceTree = "<group>"; };
		3658E20226597822002B9CCF /* NotoSans-SemiCondensedBold.ttf */ = {isa = PBXFileReference; lastKnownFileType = file; path = "NotoSans-SemiCondensedBold.ttf"; sourceTree = "<group>"; };
		3658E20326597822002B9CCF /* NotoSans-ExtraCondensedBlackItalic.ttf */ = {isa = PBXFileReference; lastKnownFileType = file; path = "NotoSans-ExtraCondensedBlackItalic.ttf"; sourceTree = "<group>"; };
		3658E20426597822002B9CCF /* NotoSans-CondensedLightItalic.ttf */ = {isa = PBXFileReference; lastKnownFileType = file; path = "NotoSans-CondensedLightItalic.ttf"; sourceTree = "<group>"; };
		3658E20526597822002B9CCF /* NotoSans-SemiCondensed.ttf */ = {isa = PBXFileReference; lastKnownFileType = file; path = "NotoSans-SemiCondensed.ttf"; sourceTree = "<group>"; };
		3658E20626597823002B9CCF /* NotoSans-ExtraCondensedThinItalic.ttf */ = {isa = PBXFileReference; lastKnownFileType = file; path = "NotoSans-ExtraCondensedThinItalic.ttf"; sourceTree = "<group>"; };
		3658E20726597823002B9CCF /* NotoSans-ThinItalic.ttf */ = {isa = PBXFileReference; lastKnownFileType = file; path = "NotoSans-ThinItalic.ttf"; sourceTree = "<group>"; };
		3658E20826597823002B9CCF /* NotoSans-ExtraCondensed.ttf */ = {isa = PBXFileReference; lastKnownFileType = file; path = "NotoSans-ExtraCondensed.ttf"; sourceTree = "<group>"; };
		3658E20926597823002B9CCF /* NotoSans-CondensedSemiBoldItalic.ttf */ = {isa = PBXFileReference; lastKnownFileType = file; path = "NotoSans-CondensedSemiBoldItalic.ttf"; sourceTree = "<group>"; };
		3658E20A26597823002B9CCF /* NotoSans-ExtraCondensedSemiBoldItalic.ttf */ = {isa = PBXFileReference; lastKnownFileType = file; path = "NotoSans-ExtraCondensedSemiBoldItalic.ttf"; sourceTree = "<group>"; };
		3687005B265984CB003E3A35 /* tableViewDummy.swift */ = {isa = PBXFileReference; lastKnownFileType = sourcecode.swift; path = tableViewDummy.swift; sourceTree = "<group>"; };
		368F60D92659973900CA6D24 /* DetailPageSubjectViewController.swift */ = {isa = PBXFileReference; lastKnownFileType = sourcecode.swift; path = DetailPageSubjectViewController.swift; sourceTree = "<group>"; };
		36C190B32659947C000B5392 /* DetailPageSubject.storyboard */ = {isa = PBXFileReference; lastKnownFileType = file.storyboard; path = DetailPageSubject.storyboard; sourceTree = "<group>"; };
		36C190B52659959D000B5392 /* NotoSerifKR-Regular.otf */ = {isa = PBXFileReference; lastKnownFileType = file; path = "NotoSerifKR-Regular.otf"; sourceTree = "<group>"; };
		36C190B62659959D000B5392 /* NotoSerifKR-SemiBold.otf */ = {isa = PBXFileReference; lastKnownFileType = file; path = "NotoSerifKR-SemiBold.otf"; sourceTree = "<group>"; };
		36C190B72659959D000B5392 /* NotoSerifKR-ExtraLight.otf */ = {isa = PBXFileReference; lastKnownFileType = file; path = "NotoSerifKR-ExtraLight.otf"; sourceTree = "<group>"; };
		36C190B82659959D000B5392 /* NotoSerifKR-Bold.otf */ = {isa = PBXFileReference; lastKnownFileType = file; path = "NotoSerifKR-Bold.otf"; sourceTree = "<group>"; };
		36C190B92659959E000B5392 /* NotoSerifKR-Black.otf */ = {isa = PBXFileReference; lastKnownFileType = file; path = "NotoSerifKR-Black.otf"; sourceTree = "<group>"; };
		36C190BA2659959E000B5392 /* NotoSerifKR-Medium.otf */ = {isa = PBXFileReference; lastKnownFileType = file; path = "NotoSerifKR-Medium.otf"; sourceTree = "<group>"; };
		36C190BB2659959E000B5392 /* NotoSerifKR-Light.otf */ = {isa = PBXFileReference; lastKnownFileType = file; path = "NotoSerifKR-Light.otf"; sourceTree = "<group>"; };
		36DDC0F426597ADA00C58A1D /* DetailTableViewCell.swift */ = {isa = PBXFileReference; lastKnownFileType = sourcecode.swift; path = DetailTableViewCell.swift; sourceTree = "<group>"; };
/* End PBXFileReference section */

/* Begin PBXFrameworksBuildPhase section */
		244922F026596DB400070746 /* Frameworks */ = {
			isa = PBXFrameworksBuildPhase;
			buildActionMask = 2147483647;
			files = (
			);
			runOnlyForDeploymentPostprocessing = 0;
		};
/* End PBXFrameworksBuildPhase section */

/* Begin PBXGroup section */
		244922EA26596DB400070746 = {
			isa = PBXGroup;
			children = (
				244922F526596DB400070746 /* GGumPiece */,
				244922F426596DB400070746 /* Products */,
			);
			sourceTree = "<group>";
		};
		244922F426596DB400070746 /* Products */ = {
			isa = PBXGroup;
			children = (
				244922F326596DB400070746 /* GGumPiece.app */,
			);
			name = Products;
			sourceTree = "<group>";
		};
		244922F526596DB400070746 /* GGumPiece */ = {
			isa = PBXGroup;
			children = (
				2449230A26596DC900070746 /* Resources */,
				2449230B26596DD800070746 /* Sources */,
				2449230126596DB400070746 /* LaunchScreen.storyboard */,
			);
			path = GGumPiece;
			sourceTree = "<group>";
		};
		2449230A26596DC900070746 /* Resources */ = {
			isa = PBXGroup;
			children = (
				3658E1C226597809002B9CCF /* Fonts */,
				2449230C26596DE700070746 /* Storyboards */,
				244922FF26596DB400070746 /* Assets.xcassets */,
				2449230426596DB400070746 /* Info.plist */,
				2449231E265981BF00070746 /* Colors.xcassets */,
			);
			path = Resources;
			sourceTree = "<group>";
		};
		2449230B26596DD800070746 /* Sources */ = {
			isa = PBXGroup;
			children = (
				244922F626596DB400070746 /* AppDelegate.swift */,
				244922F826596DB400070746 /* SceneDelegate.swift */,
				2449231126596E3400070746 /* ViewControllers */,
				2449231026596E2E00070746 /* Extensions */,
				2449230F26596E2500070746 /* Cells */,
				2449230E26596E1E00070746 /* APIServices */,
				2449230D26596E1600070746 /* APIModels */,
			);
			path = Sources;
			sourceTree = "<group>";
		};
		2449230C26596DE700070746 /* Storyboards */ = {
			isa = PBXGroup;
			children = (
				244922FC26596DB400070746 /* Main.storyboard */,
				3658E1BE265975A9002B9CCF /* detailPage.storyboard */,
				36C190B32659947C000B5392 /* DetailPageSubject.storyboard */,
				249AFA5126598E0300027D08 /* Home.storyboard */,
				249AFA55265993AC00027D08 /* MainPage.storyboard */,
			);
			path = Storyboards;
			sourceTree = "<group>";
		};
		2449230D26596E1600070746 /* APIModels */ = {
			isa = PBXGroup;
			children = (
				2449231826596E5A00070746 /* APIModels.swift */,
			);
			path = APIModels;
			sourceTree = "<group>";
		};
		2449230E26596E1E00070746 /* APIServices */ = {
			isa = PBXGroup;
			children = (
				2449231626596E5500070746 /* APIServices.swift */,
			);
			path = APIServices;
			sourceTree = "<group>";
		};
		2449230F26596E2500070746 /* Cells */ = {
			isa = PBXGroup;
			children = (
				2449231426596E4E00070746 /* Cells.swift */,
				36DDC0F426597ADA00C58A1D /* DetailTableViewCell.swift */,
			);
			path = Cells;
			sourceTree = "<group>";
		};
		2449231026596E2E00070746 /* Extensions */ = {
			isa = PBXGroup;
			children = (
				2449231226596E4900070746 /* Extensions.swift */,
				24492320265985DF00070746 /* UIColor + Extension.swift */,
			);
			path = Extensions;
			sourceTree = "<group>";
		};
		2449231126596E3400070746 /* ViewControllers */ = {
			isa = PBXGroup;
			children = (
				244922FA26596DB400070746 /* ViewController.swift */,
				3658E1C0265975BA002B9CCF /* detailPageViewController.swift */,
				3687005B265984CB003E3A35 /* tableViewDummy.swift */,
				368F60D92659973900CA6D24 /* DetailPageSubjectViewController.swift */,
				249AFA5326598F6800027D08 /* HomeViewController.swift */,
				249AFA57265993B900027D08 /* MainPageViewController.swift */,
			);
			path = ViewControllers;
			sourceTree = "<group>";
		};
		3658E1C226597809002B9CCF /* Fonts */ = {
			isa = PBXGroup;
			children = (
				3658E1FC26597822002B9CCF /* NotoSans-Black.ttf */,
				3658E1CF26597820002B9CCF /* NotoSans-BlackItalic.ttf */,
				3658E1F526597822002B9CCF /* NotoSans-Bold.ttf */,
				3658E1D126597821002B9CCF /* NotoSans-BoldItalic.ttf */,
				3658E1FD26597822002B9CCF /* NotoSans-Condensed.ttf */,
				3658E1DA26597821002B9CCF /* NotoSans-CondensedBlack.ttf */,
				3658E1C426597820002B9CCF /* NotoSans-CondensedBlackItalic.ttf */,
				3658E1F926597822002B9CCF /* NotoSans-CondensedBold.ttf */,
				3658E1DB26597821002B9CCF /* NotoSans-CondensedBoldItalic.ttf */,
				3658E1E526597821002B9CCF /* NotoSans-CondensedExtraBold.ttf */,
				3658E1F726597822002B9CCF /* NotoSans-CondensedExtraBoldItalic.ttf */,
				3658E1D726597821002B9CCF /* NotoSans-CondensedExtraLight.ttf */,
				3658E1CB26597820002B9CCF /* NotoSans-CondensedExtraLightItalic.ttf */,
				3658E1EB26597822002B9CCF /* NotoSans-CondensedItalic.ttf */,
				3658E1CA26597820002B9CCF /* NotoSans-CondensedLight.ttf */,
				3658E20426597822002B9CCF /* NotoSans-CondensedLightItalic.ttf */,
				3658E1CD26597820002B9CCF /* NotoSans-CondensedMedium.ttf */,
				36C190B92659959E000B5392 /* NotoSerifKR-Black.otf */,
				36C190B82659959D000B5392 /* NotoSerifKR-Bold.otf */,
				36C190B72659959D000B5392 /* NotoSerifKR-ExtraLight.otf */,
				36C190BB2659959E000B5392 /* NotoSerifKR-Light.otf */,
				36C190BA2659959E000B5392 /* NotoSerifKR-Medium.otf */,
				36C190B52659959D000B5392 /* NotoSerifKR-Regular.otf */,
				36C190B62659959D000B5392 /* NotoSerifKR-SemiBold.otf */,
				3658E1E226597821002B9CCF /* NotoSans-CondensedMediumItalic.ttf */,
				3658E1D226597821002B9CCF /* NotoSans-CondensedSemiBold.ttf */,
				3658E20926597823002B9CCF /* NotoSans-CondensedSemiBoldItalic.ttf */,
				3658E1F626597822002B9CCF /* NotoSans-CondensedThin.ttf */,
				3658E1C926597820002B9CCF /* NotoSans-CondensedThinItalic.ttf */,
				3658E1D526597821002B9CCF /* NotoSans-ExtraBold.ttf */,
				3658E1DE26597821002B9CCF /* NotoSans-ExtraBoldItalic.ttf */,
				3658E20826597823002B9CCF /* NotoSans-ExtraCondensed.ttf */,
				3658E1D426597821002B9CCF /* NotoSans-ExtraCondensedBlack.ttf */,
				3658E20326597822002B9CCF /* NotoSans-ExtraCondensedBlackItalic.ttf */,
				3658E1C526597820002B9CCF /* NotoSans-ExtraCondensedBold.ttf */,
				3658E1FB26597822002B9CCF /* NotoSans-ExtraCondensedBoldItalic.ttf */,
				3658E1C326597820002B9CCF /* NotoSans-ExtraCondensedExtraBold.ttf */,
				3658E1D826597821002B9CCF /* NotoSans-ExtraCondensedExtraBoldItalic.ttf */,
				3658E1EC26597822002B9CCF /* NotoSans-ExtraCondensedExtraLight.ttf */,
				3658E1E126597821002B9CCF /* NotoSans-ExtraCondensedExtraLightItalic.ttf */,
				3658E1EA26597821002B9CCF /* NotoSans-ExtraCondensedItalic.ttf */,
				3658E1FF26597822002B9CCF /* NotoSans-ExtraCondensedLight.ttf */,
				3658E20126597822002B9CCF /* NotoSans-ExtraCondensedLightItalic.ttf */,
				3658E1E026597821002B9CCF /* NotoSans-ExtraCondensedMedium.ttf */,
				3658E1DF26597821002B9CCF /* NotoSans-ExtraCondensedMediumItalic.ttf */,
				3658E1EF26597822002B9CCF /* NotoSans-ExtraCondensedSemiBold.ttf */,
				3658E20A26597823002B9CCF /* NotoSans-ExtraCondensedSemiBoldItalic.ttf */,
				3658E1D626597821002B9CCF /* NotoSans-ExtraCondensedThin.ttf */,
				3658E20626597823002B9CCF /* NotoSans-ExtraCondensedThinItalic.ttf */,
				3658E1F026597822002B9CCF /* NotoSans-ExtraLight.ttf */,
				3658E20026597822002B9CCF /* NotoSans-ExtraLightItalic.ttf */,
				3658E1C826597820002B9CCF /* NotoSans-Italic.ttf */,
				3658E1DC26597821002B9CCF /* NotoSans-Light.ttf */,
				3658E1DD26597821002B9CCF /* NotoSans-LightItalic.ttf */,
				3658E1E726597821002B9CCF /* NotoSans-Medium.ttf */,
				3658E1CE26597820002B9CCF /* NotoSans-MediumItalic.ttf */,
				3658E1E426597821002B9CCF /* NotoSans-Regular.ttf */,
				3658E1ED26597822002B9CCF /* NotoSans-SemiBold.ttf */,
				3658E1E626597821002B9CCF /* NotoSans-SemiBoldItalic.ttf */,
				3658E20526597822002B9CCF /* NotoSans-SemiCondensed.ttf */,
				3658E1F426597822002B9CCF /* NotoSans-SemiCondensedBlack.ttf */,
				3658E1D326597821002B9CCF /* NotoSans-SemiCondensedBlackItalic.ttf */,
				3658E20226597822002B9CCF /* NotoSans-SemiCondensedBold.ttf */,
				3658E1EE26597822002B9CCF /* NotoSans-SemiCondensedBoldItalic.ttf */,
				3658E1F226597822002B9CCF /* NotoSans-SemiCondensedExtraBold.ttf */,
				3658E1C626597820002B9CCF /* NotoSans-SemiCondensedExtraBoldItalic.ttf */,
				3658E1FA26597822002B9CCF /* NotoSans-SemiCondensedExtraLight.ttf */,
				3658E1FE26597822002B9CCF /* NotoSans-SemiCondensedExtraLightItalic.ttf */,
				3658E1E926597821002B9CCF /* NotoSans-SemiCondensedItalic.ttf */,
				3658E1E326597821002B9CCF /* NotoSans-SemiCondensedLight.ttf */,
				3658E1E826597821002B9CCF /* NotoSans-SemiCondensedLightItalic.ttf */,
				3658E1D926597821002B9CCF /* NotoSans-SemiCondensedMedium.ttf */,
				3658E1F326597822002B9CCF /* NotoSans-SemiCondensedMediumItalic.ttf */,
				3658E1CC26597820002B9CCF /* NotoSans-SemiCondensedSemiBold.ttf */,
				3658E1F126597822002B9CCF /* NotoSans-SemiCondensedSemiBoldItalic.ttf */,
				3658E1F826597822002B9CCF /* NotoSans-SemiCondensedThin.ttf */,
				3658E1D026597821002B9CCF /* NotoSans-SemiCondensedThinItalic.ttf */,
				3658E1C726597820002B9CCF /* NotoSans-Thin.ttf */,
				3658E20726597823002B9CCF /* NotoSans-ThinItalic.ttf */,
			);
			path = Fonts;
			sourceTree = "<group>";
		};
/* End PBXGroup section */

/* Begin PBXNativeTarget section */
		244922F226596DB400070746 /* GGumPiece */ = {
			isa = PBXNativeTarget;
			buildConfigurationList = 2449230726596DB400070746 /* Build configuration list for PBXNativeTarget "GGumPiece" */;
			buildPhases = (
				244922EF26596DB400070746 /* Sources */,
				244922F026596DB400070746 /* Frameworks */,
				244922F126596DB400070746 /* Resources */,
			);
			buildRules = (
			);
			dependencies = (
			);
			name = GGumPiece;
			productName = GGumPiece;
			productReference = 244922F326596DB400070746 /* GGumPiece.app */;
			productType = "com.apple.product-type.application";
		};
/* End PBXNativeTarget section */

/* Begin PBXProject section */
		244922EB26596DB400070746 /* Project object */ = {
			isa = PBXProject;
			attributes = {
				LastSwiftUpdateCheck = 1250;
				LastUpgradeCheck = 1250;
				TargetAttributes = {
					244922F226596DB400070746 = {
						CreatedOnToolsVersion = 12.5;
					};
				};
			};
			buildConfigurationList = 244922EE26596DB400070746 /* Build configuration list for PBXProject "GGumPiece" */;
			compatibilityVersion = "Xcode 9.3";
			developmentRegion = en;
			hasScannedForEncodings = 0;
			knownRegions = (
				en,
				Base,
			);
			mainGroup = 244922EA26596DB400070746;
			productRefGroup = 244922F426596DB400070746 /* Products */;
			projectDirPath = "";
			projectRoot = "";
			targets = (
				244922F226596DB400070746 /* GGumPiece */,
			);
		};
/* End PBXProject section */

/* Begin PBXResourcesBuildPhase section */
		244922F126596DB400070746 /* Resources */ = {
			isa = PBXResourcesBuildPhase;
			buildActionMask = 2147483647;
			files = (
				3658E23226597823002B9CCF /* NotoSans-ExtraCondensedItalic.ttf in Resources */,
				3658E23C26597823002B9CCF /* NotoSans-SemiCondensedBlack.ttf in Resources */,
				3658E22C26597823002B9CCF /* NotoSans-Regular.ttf in Resources */,
				3658E23D26597823002B9CCF /* NotoSans-Bold.ttf in Resources */,
				3658E24D26597823002B9CCF /* NotoSans-SemiCondensed.ttf in Resources */,
				3658E21826597823002B9CCF /* NotoSans-SemiCondensedThinItalic.ttf in Resources */,
				3658E24B26597823002B9CCF /* NotoSans-ExtraCondensedBlackItalic.ttf in Resources */,
				3658E22726597823002B9CCF /* NotoSans-ExtraCondensedMediumItalic.ttf in Resources */,
				3658E25126597823002B9CCF /* NotoSans-CondensedSemiBoldItalic.ttf in Resources */,
				3658E23E26597823002B9CCF /* NotoSans-CondensedThin.ttf in Resources */,
				3658E1BF265975A9002B9CCF /* detailPage.storyboard in Resources */,
				3658E24F26597823002B9CCF /* NotoSans-ThinItalic.ttf in Resources */,
				3658E21C26597823002B9CCF /* NotoSans-ExtraCondensedBlack.ttf in Resources */,
				2449231F265981BF00070746 /* Colors.xcassets in Resources */,
				3658E24426597823002B9CCF /* NotoSans-Black.ttf in Resources */,
				249AFA5226598E0300027D08 /* Home.storyboard in Resources */,
				3658E21A26597823002B9CCF /* NotoSans-CondensedSemiBold.ttf in Resources */,
				3658E24026597823002B9CCF /* NotoSans-SemiCondensedThin.ttf in Resources */,
				3658E22026597823002B9CCF /* NotoSans-ExtraCondensedExtraBoldItalic.ttf in Resources */,
				3658E24C26597823002B9CCF /* NotoSans-CondensedLightItalic.ttf in Resources */,
				3658E23526597823002B9CCF /* NotoSans-SemiBold.ttf in Resources */,
				36C190BC2659959E000B5392 /* NotoSerifKR-Regular.otf in Resources */,
				36C190C02659959E000B5392 /* NotoSerifKR-Black.otf in Resources */,
				3658E25226597823002B9CCF /* NotoSans-ExtraCondensedSemiBoldItalic.ttf in Resources */,
				3658E22226597823002B9CCF /* NotoSans-CondensedBlack.ttf in Resources */,
				3658E21326597823002B9CCF /* NotoSans-CondensedExtraLightItalic.ttf in Resources */,
				3658E21B26597823002B9CCF /* NotoSans-SemiCondensedBlackItalic.ttf in Resources */,
				3658E24726597823002B9CCF /* NotoSans-ExtraCondensedLight.ttf in Resources */,
				3658E21126597823002B9CCF /* NotoSans-CondensedThinItalic.ttf in Resources */,
				3658E20B26597823002B9CCF /* NotoSans-ExtraCondensedExtraBold.ttf in Resources */,
				3658E23726597823002B9CCF /* NotoSans-ExtraCondensedSemiBold.ttf in Resources */,
				36C190C12659959E000B5392 /* NotoSerifKR-Medium.otf in Resources */,
				3658E21F26597823002B9CCF /* NotoSans-CondensedExtraLight.ttf in Resources */,
				2449230326596DB400070746 /* LaunchScreen.storyboard in Resources */,
				3658E22126597823002B9CCF /* NotoSans-SemiCondensedMedium.ttf in Resources */,
				3658E24E26597823002B9CCF /* NotoSans-ExtraCondensedThinItalic.ttf in Resources */,
				3658E22326597823002B9CCF /* NotoSans-CondensedBoldItalic.ttf in Resources */,
				249AFA56265993AC00027D08 /* MainPage.storyboard in Resources */,
				3658E24826597823002B9CCF /* NotoSans-ExtraLightItalic.ttf in Resources */,
				3658E24326597823002B9CCF /* NotoSans-ExtraCondensedBoldItalic.ttf in Resources */,
				3658E20E26597823002B9CCF /* NotoSans-SemiCondensedExtraBoldItalic.ttf in Resources */,
				36C190B42659947C000B5392 /* DetailPageSubject.storyboard in Resources */,
				3658E22F26597823002B9CCF /* NotoSans-Medium.ttf in Resources */,
				3658E20D26597823002B9CCF /* NotoSans-ExtraCondensedBold.ttf in Resources */,
				3658E22826597823002B9CCF /* NotoSans-ExtraCondensedMedium.ttf in Resources */,
				3658E22D26597823002B9CCF /* NotoSans-CondensedExtraBold.ttf in Resources */,
				3658E23126597823002B9CCF /* NotoSans-SemiCondensedItalic.ttf in Resources */,
				3658E21026597823002B9CCF /* NotoSans-Italic.ttf in Resources */,
				3658E24A26597823002B9CCF /* NotoSans-SemiCondensedBold.ttf in Resources */,
				3658E23926597823002B9CCF /* NotoSans-SemiCondensedSemiBoldItalic.ttf in Resources */,
				3658E23026597823002B9CCF /* NotoSans-SemiCondensedLightItalic.ttf in Resources */,
				3658E21426597823002B9CCF /* NotoSans-SemiCondensedSemiBold.ttf in Resources */,
				3658E22E26597823002B9CCF /* NotoSans-SemiBoldItalic.ttf in Resources */,
				3658E23826597823002B9CCF /* NotoSans-ExtraLight.ttf in Resources */,
				36C190C22659959E000B5392 /* NotoSerifKR-Light.otf in Resources */,
				3658E23A26597823002B9CCF /* NotoSans-SemiCondensedExtraBold.ttf in Resources */,
				3658E20C26597823002B9CCF /* NotoSans-CondensedBlackItalic.ttf in Resources */,
				3658E22526597823002B9CCF /* NotoSans-LightItalic.ttf in Resources */,
				3658E23326597823002B9CCF /* NotoSans-CondensedItalic.ttf in Resources */,
				3658E24126597823002B9CCF /* NotoSans-CondensedBold.ttf in Resources */,
				3658E23B26597823002B9CCF /* NotoSans-SemiCondensedMediumItalic.ttf in Resources */,
				3658E21226597823002B9CCF /* NotoSans-CondensedLight.ttf in Resources */,
				3658E22626597823002B9CCF /* NotoSans-ExtraBoldItalic.ttf in Resources */,
				3658E21E26597823002B9CCF /* NotoSans-ExtraCondensedThin.ttf in Resources */,
				2449230026596DB400070746 /* Assets.xcassets in Resources */,
				36C190BD2659959E000B5392 /* NotoSerifKR-SemiBold.otf in Resources */,
				3658E23426597823002B9CCF /* NotoSans-ExtraCondensedExtraLight.ttf in Resources */,
				3658E25026597823002B9CCF /* NotoSans-ExtraCondensed.ttf in Resources */,
				3658E21526597823002B9CCF /* NotoSans-CondensedMedium.ttf in Resources */,
				3658E24226597823002B9CCF /* NotoSans-SemiCondensedExtraLight.ttf in Resources */,
				36C190BE2659959E000B5392 /* NotoSerifKR-ExtraLight.otf in Resources */,
				3658E24926597823002B9CCF /* NotoSans-ExtraCondensedLightItalic.ttf in Resources */,
				3658E21926597823002B9CCF /* NotoSans-BoldItalic.ttf in Resources */,
				3658E21D26597823002B9CCF /* NotoSans-ExtraBold.ttf in Resources */,
				3658E24526597823002B9CCF /* NotoSans-Condensed.ttf in Resources */,
				3658E21726597823002B9CCF /* NotoSans-BlackItalic.ttf in Resources */,
				36C190BF2659959E000B5392 /* NotoSerifKR-Bold.otf in Resources */,
				3658E22B26597823002B9CCF /* NotoSans-SemiCondensedLight.ttf in Resources */,
				3658E22A26597823002B9CCF /* NotoSans-CondensedMediumItalic.ttf in Resources */,
				3658E23626597823002B9CCF /* NotoSans-SemiCondensedBoldItalic.ttf in Resources */,
				3658E22426597823002B9CCF /* NotoSans-Light.ttf in Resources */,
				3658E20F26597823002B9CCF /* NotoSans-Thin.ttf in Resources */,
				3658E24626597823002B9CCF /* NotoSans-SemiCondensedExtraLightItalic.ttf in Resources */,
				3658E22926597823002B9CCF /* NotoSans-ExtraCondensedExtraLightItalic.ttf in Resources */,
				3658E21626597823002B9CCF /* NotoSans-MediumItalic.ttf in Resources */,
				244922FE26596DB400070746 /* Main.storyboard in Resources */,
				3658E23F26597823002B9CCF /* NotoSans-CondensedExtraBoldItalic.ttf in Resources */,
			);
			runOnlyForDeploymentPostprocessing = 0;
		};
/* End PBXResourcesBuildPhase section */

/* Begin PBXSourcesBuildPhase section */
		244922EF26596DB400070746 /* Sources */ = {
			isa = PBXSourcesBuildPhase;
			buildActionMask = 2147483647;
			files = (
				36DDC0F526597ADA00C58A1D /* DetailTableViewCell.swift in Sources */,
				24492321265985DF00070746 /* UIColor + Extension.swift in Sources */,
				3658E1C1265975BA002B9CCF /* detailPageViewController.swift in Sources */,
				3687005C265984CB003E3A35 /* tableViewDummy.swift in Sources */,
				244922FB26596DB400070746 /* ViewController.swift in Sources */,
				244922F726596DB400070746 /* AppDelegate.swift in Sources */,
				2449231726596E5500070746 /* APIServices.swift in Sources */,
				249AFA5426598F6800027D08 /* HomeViewController.swift in Sources */,
				2449231926596E5A00070746 /* APIModels.swift in Sources */,
				244922F926596DB400070746 /* SceneDelegate.swift in Sources */,
				249AFA58265993B900027D08 /* MainPageViewController.swift in Sources */,
				368F60DA2659973900CA6D24 /* DetailPageSubjectViewController.swift in Sources */,
				2449231326596E4900070746 /* Extensions.swift in Sources */,
				2449231526596E4E00070746 /* Cells.swift in Sources */,
			);
			runOnlyForDeploymentPostprocessing = 0;
		};
/* End PBXSourcesBuildPhase section */

/* Begin PBXVariantGroup section */
		244922FC26596DB400070746 /* Main.storyboard */ = {
			isa = PBXVariantGroup;
			children = (
				244922FD26596DB400070746 /* Base */,
			);
			name = Main.storyboard;
			sourceTree = "<group>";
		};
		2449230126596DB400070746 /* LaunchScreen.storyboard */ = {
			isa = PBXVariantGroup;
			children = (
				2449230226596DB400070746 /* Base */,
			);
			name = LaunchScreen.storyboard;
			sourceTree = "<group>";
		};
/* End PBXVariantGroup section */

/* Begin XCBuildConfiguration section */
		2449230526596DB400070746 /* Debug */ = {
			isa = XCBuildConfiguration;
			buildSettings = {
				ALWAYS_SEARCH_USER_PATHS = NO;
				CLANG_ANALYZER_NONNULL = YES;
				CLANG_ANALYZER_NUMBER_OBJECT_CONVERSION = YES_AGGRESSIVE;
				CLANG_CXX_LANGUAGE_STANDARD = "gnu++14";
				CLANG_CXX_LIBRARY = "libc++";
				CLANG_ENABLE_MODULES = YES;
				CLANG_ENABLE_OBJC_ARC = YES;
				CLANG_ENABLE_OBJC_WEAK = YES;
				CLANG_WARN_BLOCK_CAPTURE_AUTORELEASING = YES;
				CLANG_WARN_BOOL_CONVERSION = YES;
				CLANG_WARN_COMMA = YES;
				CLANG_WARN_CONSTANT_CONVERSION = YES;
				CLANG_WARN_DEPRECATED_OBJC_IMPLEMENTATIONS = YES;
				CLANG_WARN_DIRECT_OBJC_ISA_USAGE = YES_ERROR;
				CLANG_WARN_DOCUMENTATION_COMMENTS = YES;
				CLANG_WARN_EMPTY_BODY = YES;
				CLANG_WARN_ENUM_CONVERSION = YES;
				CLANG_WARN_INFINITE_RECURSION = YES;
				CLANG_WARN_INT_CONVERSION = YES;
				CLANG_WARN_NON_LITERAL_NULL_CONVERSION = YES;
				CLANG_WARN_OBJC_IMPLICIT_RETAIN_SELF = YES;
				CLANG_WARN_OBJC_LITERAL_CONVERSION = YES;
				CLANG_WARN_OBJC_ROOT_CLASS = YES_ERROR;
				CLANG_WARN_QUOTED_INCLUDE_IN_FRAMEWORK_HEADER = YES;
				CLANG_WARN_RANGE_LOOP_ANALYSIS = YES;
				CLANG_WARN_STRICT_PROTOTYPES = YES;
				CLANG_WARN_SUSPICIOUS_MOVE = YES;
				CLANG_WARN_UNGUARDED_AVAILABILITY = YES_AGGRESSIVE;
				CLANG_WARN_UNREACHABLE_CODE = YES;
				CLANG_WARN__DUPLICATE_METHOD_MATCH = YES;
				COPY_PHASE_STRIP = NO;
				DEBUG_INFORMATION_FORMAT = dwarf;
				ENABLE_STRICT_OBJC_MSGSEND = YES;
				ENABLE_TESTABILITY = YES;
				GCC_C_LANGUAGE_STANDARD = gnu11;
				GCC_DYNAMIC_NO_PIC = NO;
				GCC_NO_COMMON_BLOCKS = YES;
				GCC_OPTIMIZATION_LEVEL = 0;
				GCC_PREPROCESSOR_DEFINITIONS = (
					"DEBUG=1",
					"$(inherited)",
				);
				GCC_WARN_64_TO_32_BIT_CONVERSION = YES;
				GCC_WARN_ABOUT_RETURN_TYPE = YES_ERROR;
				GCC_WARN_UNDECLARED_SELECTOR = YES;
				GCC_WARN_UNINITIALIZED_AUTOS = YES_AGGRESSIVE;
				GCC_WARN_UNUSED_FUNCTION = YES;
				GCC_WARN_UNUSED_VARIABLE = YES;
				INFOPLIST_FILE = GGumPiece/Resources/Info.plist;
				IPHONEOS_DEPLOYMENT_TARGET = 14.5;
				MTL_ENABLE_DEBUG_INFO = INCLUDE_SOURCE;
				MTL_FAST_MATH = YES;
				ONLY_ACTIVE_ARCH = YES;
				SDKROOT = iphoneos;
				SWIFT_ACTIVE_COMPILATION_CONDITIONS = DEBUG;
				SWIFT_OPTIMIZATION_LEVEL = "-Onone";
			};
			name = Debug;
		};
		2449230626596DB400070746 /* Release */ = {
			isa = XCBuildConfiguration;
			buildSettings = {
				ALWAYS_SEARCH_USER_PATHS = NO;
				CLANG_ANALYZER_NONNULL = YES;
				CLANG_ANALYZER_NUMBER_OBJECT_CONVERSION = YES_AGGRESSIVE;
				CLANG_CXX_LANGUAGE_STANDARD = "gnu++14";
				CLANG_CXX_LIBRARY = "libc++";
				CLANG_ENABLE_MODULES = YES;
				CLANG_ENABLE_OBJC_ARC = YES;
				CLANG_ENABLE_OBJC_WEAK = YES;
				CLANG_WARN_BLOCK_CAPTURE_AUTORELEASING = YES;
				CLANG_WARN_BOOL_CONVERSION = YES;
				CLANG_WARN_COMMA = YES;
				CLANG_WARN_CONSTANT_CONVERSION = YES;
				CLANG_WARN_DEPRECATED_OBJC_IMPLEMENTATIONS = YES;
				CLANG_WARN_DIRECT_OBJC_ISA_USAGE = YES_ERROR;
				CLANG_WARN_DOCUMENTATION_COMMENTS = YES;
				CLANG_WARN_EMPTY_BODY = YES;
				CLANG_WARN_ENUM_CONVERSION = YES;
				CLANG_WARN_INFINITE_RECURSION = YES;
				CLANG_WARN_INT_CONVERSION = YES;
				CLANG_WARN_NON_LITERAL_NULL_CONVERSION = YES;
				CLANG_WARN_OBJC_IMPLICIT_RETAIN_SELF = YES;
				CLANG_WARN_OBJC_LITERAL_CONVERSION = YES;
				CLANG_WARN_OBJC_ROOT_CLASS = YES_ERROR;
				CLANG_WARN_QUOTED_INCLUDE_IN_FRAMEWORK_HEADER = YES;
				CLANG_WARN_RANGE_LOOP_ANALYSIS = YES;
				CLANG_WARN_STRICT_PROTOTYPES = YES;
				CLANG_WARN_SUSPICIOUS_MOVE = YES;
				CLANG_WARN_UNGUARDED_AVAILABILITY = YES_AGGRESSIVE;
				CLANG_WARN_UNREACHABLE_CODE = YES;
				CLANG_WARN__DUPLICATE_METHOD_MATCH = YES;
				COPY_PHASE_STRIP = NO;
				DEBUG_INFORMATION_FORMAT = "dwarf-with-dsym";
				ENABLE_NS_ASSERTIONS = NO;
				ENABLE_STRICT_OBJC_MSGSEND = YES;
				GCC_C_LANGUAGE_STANDARD = gnu11;
				GCC_NO_COMMON_BLOCKS = YES;
				GCC_WARN_64_TO_32_BIT_CONVERSION = YES;
				GCC_WARN_ABOUT_RETURN_TYPE = YES_ERROR;
				GCC_WARN_UNDECLARED_SELECTOR = YES;
				GCC_WARN_UNINITIALIZED_AUTOS = YES_AGGRESSIVE;
				GCC_WARN_UNUSED_FUNCTION = YES;
				GCC_WARN_UNUSED_VARIABLE = YES;
				INFOPLIST_FILE = GGumPiece/Resources/Info.plist;
				IPHONEOS_DEPLOYMENT_TARGET = 14.5;
				MTL_ENABLE_DEBUG_INFO = NO;
				MTL_FAST_MATH = YES;
				SDKROOT = iphoneos;
				SWIFT_COMPILATION_MODE = wholemodule;
				SWIFT_OPTIMIZATION_LEVEL = "-O";
				VALIDATE_PRODUCT = YES;
			};
			name = Release;
		};
		2449230826596DB400070746 /* Debug */ = {
			isa = XCBuildConfiguration;
			buildSettings = {
				ASSETCATALOG_COMPILER_APPICON_NAME = AppIcon;
				ASSETCATALOG_COMPILER_GLOBAL_ACCENT_COLOR_NAME = AccentColor;
				CODE_SIGN_STYLE = Automatic;
				INFOPLIST_FILE = GGumPiece/Resources/Info.plist;
				LD_RUNPATH_SEARCH_PATHS = (
					"$(inherited)",
					"@executable_path/Frameworks",
				);
				PRODUCT_BUNDLE_IDENTIFIER = GGumPiece.GGumPiece;
				PRODUCT_NAME = "$(TARGET_NAME)";
				SWIFT_VERSION = 5.0;
				TARGETED_DEVICE_FAMILY = "1,2";
			};
			name = Debug;
		};
		2449230926596DB400070746 /* Release */ = {
			isa = XCBuildConfiguration;
			buildSettings = {
				ASSETCATALOG_COMPILER_APPICON_NAME = AppIcon;
				ASSETCATALOG_COMPILER_GLOBAL_ACCENT_COLOR_NAME = AccentColor;
				CODE_SIGN_STYLE = Automatic;
				INFOPLIST_FILE = GGumPiece/Resources/Info.plist;
				LD_RUNPATH_SEARCH_PATHS = (
					"$(inherited)",
					"@executable_path/Frameworks",
				);
				PRODUCT_BUNDLE_IDENTIFIER = GGumPiece.GGumPiece;
				PRODUCT_NAME = "$(TARGET_NAME)";
				SWIFT_VERSION = 5.0;
				TARGETED_DEVICE_FAMILY = "1,2";
			};
			name = Release;
		};
/* End XCBuildConfiguration section */

/* Begin XCConfigurationList section */
		244922EE26596DB400070746 /* Build configuration list for PBXProject "GGumPiece" */ = {
			isa = XCConfigurationList;
			buildConfigurations = (
				2449230526596DB400070746 /* Debug */,
				2449230626596DB400070746 /* Release */,
			);
			defaultConfigurationIsVisible = 0;
			defaultConfigurationName = Release;
		};
		2449230726596DB400070746 /* Build configuration list for PBXNativeTarget "GGumPiece" */ = {
			isa = XCConfigurationList;
			buildConfigurations = (
				2449230826596DB400070746 /* Debug */,
				2449230926596DB400070746 /* Release */,
			);
			defaultConfigurationIsVisible = 0;
			defaultConfigurationName = Release;
		};
/* End XCConfigurationList section */
	};
	rootObject = 244922EB26596DB400070746 /* Project object */;
}
